// !$*UTF8*$!
{
	archiveVersion = 1;
	classes = {
	};
	objectVersion = 50;
	objects = {

/* Begin PBXBuildFile section */
		998BEE534D0899D896F9D963 /* Pods_Intive_Challenge.framework in Frameworks */ = {isa = PBXBuildFile; fileRef = 30CE2A4B7AC8B3BADF16FB6C /* Pods_Intive_Challenge.framework */; };
		A616C3E32140947D0087FE6C /* MediaVC_Table.swift in Sources */ = {isa = PBXBuildFile; fileRef = A616C3E22140947D0087FE6C /* MediaVC_Table.swift */; };
		A616C3E52140948B0087FE6C /* MediaVC_Search.swift in Sources */ = {isa = PBXBuildFile; fileRef = A616C3E42140948B0087FE6C /* MediaVC_Search.swift */; };
		A616C3E8214094E80087FE6C /* MediaVC_Networking.swift in Sources */ = {isa = PBXBuildFile; fileRef = A616C3E7214094E80087FE6C /* MediaVC_Networking.swift */; };
		A616C3EC2140BDEC0087FE6C /* iTunesMedia.swift in Sources */ = {isa = PBXBuildFile; fileRef = A616C3EB2140BDEC0087FE6C /* iTunesMedia.swift */; };
		A6AC2904213F04EF009F0A04 /* Alamofire.framework in Frameworks */ = {isa = PBXBuildFile; fileRef = A6AC2903213F04EF009F0A04 /* Alamofire.framework */; };
		A6AC2906213F04EF009F0A04 /* YouTubePlayer_Swift.framework in Frameworks */ = {isa = PBXBuildFile; fileRef = A6AC2905213F04EF009F0A04 /* YouTubePlayer_Swift.framework */; };
		A6AC2915213F0B8C009F0A04 /* iTunesClient.swift in Sources */ = {isa = PBXBuildFile; fileRef = A6AC2914213F0B8C009F0A04 /* iTunesClient.swift */; };
		A6AC2917213F0BA4009F0A04 /* iTunesConstants.swift in Sources */ = {isa = PBXBuildFile; fileRef = A6AC2916213F0BA4009F0A04 /* iTunesConstants.swift */; };
		A6CC40AC213F01E1004357AC /* AppDelegate.swift in Sources */ = {isa = PBXBuildFile; fileRef = A6CC40AB213F01E1004357AC /* AppDelegate.swift */; };
		A6CC40AE213F01E1004357AC /* MediaVC_Master.swift in Sources */ = {isa = PBXBuildFile; fileRef = A6CC40AD213F01E1004357AC /* MediaVC_Master.swift */; };
		A6CC40B1213F01E1004357AC /* Main.storyboard in Resources */ = {isa = PBXBuildFile; fileRef = A6CC40AF213F01E1004357AC /* Main.storyboard */; };
		A6CC40B3213F01E4004357AC /* Assets.xcassets in Resources */ = {isa = PBXBuildFile; fileRef = A6CC40B2213F01E4004357AC /* Assets.xcassets */; };
		A6CC40B6213F01E4004357AC /* LaunchScreen.storyboard in Resources */ = {isa = PBXBuildFile; fileRef = A6CC40B4213F01E4004357AC /* LaunchScreen.storyboard */; };
/* End PBXBuildFile section */

/* Begin PBXFileReference section */
		30CE2A4B7AC8B3BADF16FB6C /* Pods_Intive_Challenge.framework */ = {isa = PBXFileReference; explicitFileType = wrapper.framework; includeInIndex = 0; path = Pods_Intive_Challenge.framework; sourceTree = BUILT_PRODUCTS_DIR; };
		4D60760F1A6E12F947B5CAE1 /* Pods-Intive_Challenge.release.xcconfig */ = {isa = PBXFileReference; includeInIndex = 1; lastKnownFileType = text.xcconfig; name = "Pods-Intive_Challenge.release.xcconfig"; path = "Pods/Target Support Files/Pods-Intive_Challenge/Pods-Intive_Challenge.release.xcconfig"; sourceTree = "<group>"; };
		9CBF1AA9C4BB2FD957E9E997 /* Pods-Intive_Challenge.debug.xcconfig */ = {isa = PBXFileReference; includeInIndex = 1; lastKnownFileType = text.xcconfig; name = "Pods-Intive_Challenge.debug.xcconfig"; path = "Pods/Target Support Files/Pods-Intive_Challenge/Pods-Intive_Challenge.debug.xcconfig"; sourceTree = "<group>"; };
		A616C3E22140947D0087FE6C /* MediaVC_Table.swift */ = {isa = PBXFileReference; lastKnownFileType = sourcecode.swift; path = MediaVC_Table.swift; sourceTree = "<group>"; };
		A616C3E42140948B0087FE6C /* MediaVC_Search.swift */ = {isa = PBXFileReference; lastKnownFileType = sourcecode.swift; path = MediaVC_Search.swift; sourceTree = "<group>"; };
		A616C3E7214094E80087FE6C /* MediaVC_Networking.swift */ = {isa = PBXFileReference; lastKnownFileType = sourcecode.swift; path = MediaVC_Networking.swift; sourceTree = "<group>"; };
		A616C3EB2140BDEC0087FE6C /* iTunesMedia.swift */ = {isa = PBXFileReference; lastKnownFileType = sourcecode.swift; path = iTunesMedia.swift; sourceTree = "<group>"; };
		A6AC2903213F04EF009F0A04 /* Alamofire.framework */ = {isa = PBXFileReference; explicitFileType = wrapper.framework; path = Alamofire.framework; sourceTree = BUILT_PRODUCTS_DIR; };
		A6AC2905213F04EF009F0A04 /* YouTubePlayer_Swift.framework */ = {isa = PBXFileReference; explicitFileType = wrapper.framework; path = YouTubePlayer_Swift.framework; sourceTree = BUILT_PRODUCTS_DIR; };
		A6AC2914213F0B8C009F0A04 /* iTunesClient.swift */ = {isa = PBXFileReference; lastKnownFileType = sourcecode.swift; path = iTunesClient.swift; sourceTree = "<group>"; };
		A6AC2916213F0BA4009F0A04 /* iTunesConstants.swift */ = {isa = PBXFileReference; lastKnownFileType = sourcecode.swift; path = iTunesConstants.swift; sourceTree = "<group>"; };
		A6CC40A8213F01E1004357AC /* Intive_Challenge.app */ = {isa = PBXFileReference; explicitFileType = wrapper.application; includeInIndex = 0; path = Intive_Challenge.app; sourceTree = BUILT_PRODUCTS_DIR; };
		A6CC40AB213F01E1004357AC /* AppDelegate.swift */ = {isa = PBXFileReference; lastKnownFileType = sourcecode.swift; path = AppDelegate.swift; sourceTree = "<group>"; };
		A6CC40AD213F01E1004357AC /* MediaVC_Master.swift */ = {isa = PBXFileReference; lastKnownFileType = sourcecode.swift; path = MediaVC_Master.swift; sourceTree = "<group>"; };
		A6CC40B0213F01E1004357AC /* Base */ = {isa = PBXFileReference; lastKnownFileType = file.storyboard; name = Base; path = Base.lproj/Main.storyboard; sourceTree = "<group>"; };
		A6CC40B2213F01E4004357AC /* Assets.xcassets */ = {isa = PBXFileReference; lastKnownFileType = folder.assetcatalog; path = Assets.xcassets; sourceTree = "<group>"; };
		A6CC40B5213F01E4004357AC /* Base */ = {isa = PBXFileReference; lastKnownFileType = file.storyboard; name = Base; path = Base.lproj/LaunchScreen.storyboard; sourceTree = "<group>"; };
		A6CC40B7213F01E4004357AC /* Info.plist */ = {isa = PBXFileReference; lastKnownFileType = text.plist.xml; path = Info.plist; sourceTree = "<group>"; };
/* End PBXFileReference section */

/* Begin PBXFrameworksBuildPhase section */
		A6CC40A5213F01E1004357AC /* Frameworks */ = {
			isa = PBXFrameworksBuildPhase;
			buildActionMask = 2147483647;
			files = (
				A6AC2904213F04EF009F0A04 /* Alamofire.framework in Frameworks */,
				A6AC2906213F04EF009F0A04 /* YouTubePlayer_Swift.framework in Frameworks */,
				998BEE534D0899D896F9D963 /* Pods_Intive_Challenge.framework in Frameworks */,
			);
			runOnlyForDeploymentPostprocessing = 0;
		};
/* End PBXFrameworksBuildPhase section */

/* Begin PBXGroup section */
		2E3F20DDE1029E2F56560DAA /* Frameworks */ = {
			isa = PBXGroup;
			children = (
				A6AC2903213F04EF009F0A04 /* Alamofire.framework */,
				A6AC2905213F04EF009F0A04 /* YouTubePlayer_Swift.framework */,
				30CE2A4B7AC8B3BADF16FB6C /* Pods_Intive_Challenge.framework */,
			);
			name = Frameworks;
			sourceTree = "<group>";
		};
		A616C3E1214094530087FE6C /* Master */ = {
			isa = PBXGroup;
			children = (
				A6CC40AD213F01E1004357AC /* MediaVC_Master.swift */,
				A616C3E7214094E80087FE6C /* MediaVC_Networking.swift */,
				A616C3E42140948B0087FE6C /* MediaVC_Search.swift */,
				A616C3E22140947D0087FE6C /* MediaVC_Table.swift */,
			);
			path = Master;
			sourceTree = "<group>";
		};
		A6AC2909213F0A27009F0A04 /* Controller */ = {
			isa = PBXGroup;
			children = (
				A616C3E1214094530087FE6C /* Master */,
			);
			path = Controller;
			sourceTree = "<group>";
		};
		A6AC290A213F0A9F009F0A04 /* Model */ = {
			isa = PBXGroup;
			children = (
				A616C3EB2140BDEC0087FE6C /* iTunesMedia.swift */,
			);
			path = Model;
			sourceTree = "<group>";
		};
		A6AC290C213F0AD4009F0A04 /* Networking */ = {
			isa = PBXGroup;
			children = (
				A6AC2918213F0BAE009F0A04 /* iTunes API */,
			);
			name = Networking;
			path = ..;
			sourceTree = "<group>";
		};
		A6AC290D213F0ADB009F0A04 /* Resources */ = {
			isa = PBXGroup;
			children = (
				A6CC40AF213F01E1004357AC /* Main.storyboard */,
				A6CC40B2213F01E4004357AC /* Assets.xcassets */,
				A6CC40B4213F01E4004357AC /* LaunchScreen.storyboard */,
				A6CC40B7213F01E4004357AC /* Info.plist */,
			);
			path = Resources;
			sourceTree = "<group>";
		};
		A6AC2918213F0BAE009F0A04 /* iTunes API */ = {
			isa = PBXGroup;
			children = (
				A6AC2914213F0B8C009F0A04 /* iTunesClient.swift */,
				A6AC2916213F0BA4009F0A04 /* iTunesConstants.swift */,
			);
			path = "iTunes API";
			sourceTree = "<group>";
		};
		A6CC409F213F01E1004357AC = {
			isa = PBXGroup;
			children = (
				A6CC40AA213F01E1004357AC /* Intive_Challenge */,
				A6CC40A9213F01E1004357AC /* Products */,
				F7EE8A111BA730640ACFB932 /* Pods */,
				2E3F20DDE1029E2F56560DAA /* Frameworks */,
			);
			sourceTree = "<group>";
		};
		A6CC40A9213F01E1004357AC /* Products */ = {
			isa = PBXGroup;
			children = (
				A6CC40A8213F01E1004357AC /* Intive_Challenge.app */,
			);
			name = Products;
			sourceTree = "<group>";
		};
		A6CC40AA213F01E1004357AC /* Intive_Challenge */ = {
			isa = PBXGroup;
			children = (
				A6CC40AB213F01E1004357AC /* AppDelegate.swift */,
				A6AC2909213F0A27009F0A04 /* Controller */,
				A6AC290A213F0A9F009F0A04 /* Model */,
				A6AC290C213F0AD4009F0A04 /* Networking */,
				A6AC290D213F0ADB009F0A04 /* Resources */,
			);
			path = Intive_Challenge;
			sourceTree = "<group>";
		};
		F7EE8A111BA730640ACFB932 /* Pods */ = {
			isa = PBXGroup;
			children = (
				9CBF1AA9C4BB2FD957E9E997 /* Pods-Intive_Challenge.debug.xcconfig */,
				4D60760F1A6E12F947B5CAE1 /* Pods-Intive_Challenge.release.xcconfig */,
			);
			name = Pods;
			sourceTree = "<group>";
		};
/* End PBXGroup section */

/* Begin PBXNativeTarget section */
		A6CC40A7213F01E1004357AC /* Intive_Challenge */ = {
			isa = PBXNativeTarget;
			buildConfigurationList = A6CC40BA213F01E4004357AC /* Build configuration list for PBXNativeTarget "Intive_Challenge" */;
			buildPhases = (
				27835E3297590DB370E546D7 /* [CP] Check Pods Manifest.lock */,
				A6CC40A4213F01E1004357AC /* Sources */,
				A6CC40A5213F01E1004357AC /* Frameworks */,
				A6CC40A6213F01E1004357AC /* Resources */,
				77CA5FAF0DF1B90A00766D82 /* [CP] Embed Pods Frameworks */,
			);
			buildRules = (
			);
			dependencies = (
			);
			name = Intive_Challenge;
			productName = Intive_Challenge;
			productReference = A6CC40A8213F01E1004357AC /* Intive_Challenge.app */;
			productType = "com.apple.product-type.application";
		};
/* End PBXNativeTarget section */

/* Begin PBXProject section */
		A6CC40A0213F01E1004357AC /* Project object */ = {
			isa = PBXProject;
			attributes = {
				LastSwiftUpdateCheck = 1000;
				LastUpgradeCheck = 1000;
				ORGANIZATIONNAME = luko;
				TargetAttributes = {
					A6CC40A7213F01E1004357AC = {
						CreatedOnToolsVersion = 10.0;
					};
				};
			};
			buildConfigurationList = A6CC40A3213F01E1004357AC /* Build configuration list for PBXProject "Intive_Challenge" */;
			compatibilityVersion = "Xcode 9.3";
			developmentRegion = en;
			hasScannedForEncodings = 0;
			knownRegions = (
				en,
				Base,
			);
			mainGroup = A6CC409F213F01E1004357AC;
			productRefGroup = A6CC40A9213F01E1004357AC /* Products */;
			projectDirPath = "";
			projectRoot = "";
			targets = (
				A6CC40A7213F01E1004357AC /* Intive_Challenge */,
			);
		};
/* End PBXProject section */

/* Begin PBXResourcesBuildPhase section */
		A6CC40A6213F01E1004357AC /* Resources */ = {
			isa = PBXResourcesBuildPhase;
			buildActionMask = 2147483647;
			files = (
				A6CC40B6213F01E4004357AC /* LaunchScreen.storyboard in Resources */,
				A6CC40B3213F01E4004357AC /* Assets.xcassets in Resources */,
				A6CC40B1213F01E1004357AC /* Main.storyboard in Resources */,
			);
			runOnlyForDeploymentPostprocessing = 0;
		};
/* End PBXResourcesBuildPhase section */

/* Begin PBXShellScriptBuildPhase section */
		27835E3297590DB370E546D7 /* [CP] Check Pods Manifest.lock */ = {
			isa = PBXShellScriptBuildPhase;
			buildActionMask = 2147483647;
			files = (
			);
			inputPaths = (
				"${PODS_PODFILE_DIR_PATH}/Podfile.lock",
				"${PODS_ROOT}/Manifest.lock",
			);
			name = "[CP] Check Pods Manifest.lock";
			outputPaths = (
				"$(DERIVED_FILE_DIR)/Pods-Intive_Challenge-checkManifestLockResult.txt",
			);
			runOnlyForDeploymentPostprocessing = 0;
			shellPath = /bin/sh;
			shellScript = "diff \"${PODS_PODFILE_DIR_PATH}/Podfile.lock\" \"${PODS_ROOT}/Manifest.lock\" > /dev/null\nif [ $? != 0 ] ; then\n    # print error to STDERR\n    echo \"error: The sandbox is not in sync with the Podfile.lock. Run 'pod install' or update your CocoaPods installation.\" >&2\n    exit 1\nfi\n# This output is used by Xcode 'outputs' to avoid re-running this script phase.\necho \"SUCCESS\" > \"${SCRIPT_OUTPUT_FILE_0}\"\n";
			showEnvVarsInLog = 0;
		};
		77CA5FAF0DF1B90A00766D82 /* [CP] Embed Pods Frameworks */ = {
			isa = PBXShellScriptBuildPhase;
			buildActionMask = 2147483647;
			files = (
			);
			inputPaths = (
				"${SRCROOT}/Pods/Target Support Files/Pods-Intive_Challenge/Pods-Intive_Challenge-frameworks.sh",
				"${BUILT_PRODUCTS_DIR}/Alamofire/Alamofire.framework",
				"${BUILT_PRODUCTS_DIR}/YouTubePlayer-Swift/YouTubePlayer_Swift.framework",
			);
			name = "[CP] Embed Pods Frameworks";
			outputPaths = (
				"${TARGET_BUILD_DIR}/${FRAMEWORKS_FOLDER_PATH}/Alamofire.framework",
				"${TARGET_BUILD_DIR}/${FRAMEWORKS_FOLDER_PATH}/YouTubePlayer_Swift.framework",
			);
			runOnlyForDeploymentPostprocessing = 0;
			shellPath = /bin/sh;
			shellScript = "\"${SRCROOT}/Pods/Target Support Files/Pods-Intive_Challenge/Pods-Intive_Challenge-frameworks.sh\"\n";
			showEnvVarsInLog = 0;
		};
/* End PBXShellScriptBuildPhase section */

/* Begin PBXSourcesBuildPhase section */
		A6CC40A4213F01E1004357AC /* Sources */ = {
			isa = PBXSourcesBuildPhase;
			buildActionMask = 2147483647;
			files = (
				A616C3E32140947D0087FE6C /* MediaVC_Table.swift in Sources */,
				A6CC40AE213F01E1004357AC /* MediaVC_Master.swift in Sources */,
				A616C3E8214094E80087FE6C /* MediaVC_Networking.swift in Sources */,
				A6AC2917213F0BA4009F0A04 /* iTunesConstants.swift in Sources */,
				A616C3EC2140BDEC0087FE6C /* iTunesMedia.swift in Sources */,
				A6AC2915213F0B8C009F0A04 /* iTunesClient.swift in Sources */,
				A6CC40AC213F01E1004357AC /* AppDelegate.swift in Sources */,
				A616C3E52140948B0087FE6C /* MediaVC_Search.swift in Sources */,
			);
			runOnlyForDeploymentPostprocessing = 0;
		};
/* End PBXSourcesBuildPhase section */

/* Begin PBXVariantGroup section */
		A6CC40AF213F01E1004357AC /* Main.storyboard */ = {
			isa = PBXVariantGroup;
			children = (
				A6CC40B0213F01E1004357AC /* Base */,
			);
			name = Main.storyboard;
			sourceTree = "<group>";
		};
		A6CC40B4213F01E4004357AC /* LaunchScreen.storyboard */ = {
			isa = PBXVariantGroup;
			children = (
				A6CC40B5213F01E4004357AC /* Base */,
			);
			name = LaunchScreen.storyboard;
			sourceTree = "<group>";
		};
/* End PBXVariantGroup section */

/* Begin XCBuildConfiguration section */
		A6CC40B8213F01E4004357AC /* Debug */ = {
			isa = XCBuildConfiguration;
			buildSettings = {
				ALWAYS_SEARCH_USER_PATHS = NO;
				CLANG_ANALYZER_NONNULL = YES;
				CLANG_ANALYZER_NUMBER_OBJECT_CONVERSION = YES_AGGRESSIVE;
				CLANG_CXX_LANGUAGE_STANDARD = "gnu++14";
				CLANG_CXX_LIBRARY = "libc++";
				CLANG_ENABLE_MODULES = YES;
				CLANG_ENABLE_OBJC_ARC = YES;
				CLANG_ENABLE_OBJC_WEAK = YES;
				CLANG_WARN_BLOCK_CAPTURE_AUTORELEASING = YES;
				CLANG_WARN_BOOL_CONVERSION = YES;
				CLANG_WARN_COMMA = YES;
				CLANG_WARN_CONSTANT_CONVERSION = YES;
				CLANG_WARN_DEPRECATED_OBJC_IMPLEMENTATIONS = YES;
				CLANG_WARN_DIRECT_OBJC_ISA_USAGE = YES_ERROR;
				CLANG_WARN_DOCUMENTATION_COMMENTS = YES;
				CLANG_WARN_EMPTY_BODY = YES;
				CLANG_WARN_ENUM_CONVERSION = YES;
				CLANG_WARN_INFINITE_RECURSION = YES;
				CLANG_WARN_INT_CONVERSION = YES;
				CLANG_WARN_NON_LITERAL_NULL_CONVERSION = YES;
				CLANG_WARN_OBJC_IMPLICIT_RETAIN_SELF = YES;
				CLANG_WARN_OBJC_LITERAL_CONVERSION = YES;
				CLANG_WARN_OBJC_ROOT_CLASS = YES_ERROR;
				CLANG_WARN_RANGE_LOOP_ANALYSIS = YES;
				CLANG_WARN_STRICT_PROTOTYPES = YES;
				CLANG_WARN_SUSPICIOUS_MOVE = YES;
				CLANG_WARN_UNGUARDED_AVAILABILITY = YES_AGGRESSIVE;
				CLANG_WARN_UNREACHABLE_CODE = YES;
				CLANG_WARN__DUPLICATE_METHOD_MATCH = YES;
				CODE_SIGN_IDENTITY = "iPhone Developer";
				COPY_PHASE_STRIP = NO;
				DEBUG_INFORMATION_FORMAT = dwarf;
				ENABLE_STRICT_OBJC_MSGSEND = YES;
				ENABLE_TESTABILITY = YES;
				GCC_C_LANGUAGE_STANDARD = gnu11;
				GCC_DYNAMIC_NO_PIC = NO;
				GCC_NO_COMMON_BLOCKS = YES;
				GCC_OPTIMIZATION_LEVEL = 0;
				GCC_PREPROCESSOR_DEFINITIONS = (
					"DEBUG=1",
					"$(inherited)",
				);
				GCC_WARN_64_TO_32_BIT_CONVERSION = YES;
				GCC_WARN_ABOUT_RETURN_TYPE = YES_ERROR;
				GCC_WARN_UNDECLARED_SELECTOR = YES;
				GCC_WARN_UNINITIALIZED_AUTOS = YES_AGGRESSIVE;
				GCC_WARN_UNUSED_FUNCTION = YES;
				GCC_WARN_UNUSED_VARIABLE = YES;
				IPHONEOS_DEPLOYMENT_TARGET = 12.0;
				MTL_ENABLE_DEBUG_INFO = INCLUDE_SOURCE;
				MTL_FAST_MATH = YES;
				ONLY_ACTIVE_ARCH = YES;
				SDKROOT = iphoneos;
				SWIFT_ACTIVE_COMPILATION_CONDITIONS = DEBUG;
				SWIFT_OPTIMIZATION_LEVEL = "-Onone";
			};
			name = Debug;
		};
		A6CC40B9213F01E4004357AC /* Release */ = {
			isa = XCBuildConfiguration;
			buildSettings = {
				ALWAYS_SEARCH_USER_PATHS = NO;
				CLANG_ANALYZER_NONNULL = YES;
				CLANG_ANALYZER_NUMBER_OBJECT_CONVERSION = YES_AGGRESSIVE;
				CLANG_CXX_LANGUAGE_STANDARD = "gnu++14";
				CLANG_CXX_LIBRARY = "libc++";
				CLANG_ENABLE_MODULES = YES;
				CLANG_ENABLE_OBJC_ARC = YES;
				CLANG_ENABLE_OBJC_WEAK = YES;
				CLANG_WARN_BLOCK_CAPTURE_AUTORELEASING = YES;
				CLANG_WARN_BOOL_CONVERSION = YES;
				CLANG_WARN_COMMA = YES;
				CLANG_WARN_CONSTANT_CONVERSION = YES;
				CLANG_WARN_DEPRECATED_OBJC_IMPLEMENTATIONS = YES;
				CLANG_WARN_DIRECT_OBJC_ISA_USAGE = YES_ERROR;
				CLANG_WARN_DOCUMENTATION_COMMENTS = YES;
				CLANG_WARN_EMPTY_BODY = YES;
				CLANG_WARN_ENUM_CONVERSION = YES;
				CLANG_WARN_INFINITE_RECURSION = YES;
				CLANG_WARN_INT_CONVERSION = YES;
				CLANG_WARN_NON_LITERAL_NULL_CONVERSION = YES;
				CLANG_WARN_OBJC_IMPLICIT_RETAIN_SELF = YES;
				CLANG_WARN_OBJC_LITERAL_CONVERSION = YES;
				CLANG_WARN_OBJC_ROOT_CLASS = YES_ERROR;
				CLANG_WARN_RANGE_LOOP_ANALYSIS = YES;
				CLANG_WARN_STRICT_PROTOTYPES = YES;
				CLANG_WARN_SUSPICIOUS_MOVE = YES;
				CLANG_WARN_UNGUARDED_AVAILABILITY = YES_AGGRESSIVE;
				CLANG_WARN_UNREACHABLE_CODE = YES;
				CLANG_WARN__DUPLICATE_METHOD_MATCH = YES;
				CODE_SIGN_IDENTITY = "iPhone Developer";
				COPY_PHASE_STRIP = NO;
				DEBUG_INFORMATION_FORMAT = "dwarf-with-dsym";
				ENABLE_NS_ASSERTIONS = NO;
				ENABLE_STRICT_OBJC_MSGSEND = YES;
				GCC_C_LANGUAGE_STANDARD = gnu11;
				GCC_NO_COMMON_BLOCKS = YES;
				GCC_WARN_64_TO_32_BIT_CONVERSION = YES;
				GCC_WARN_ABOUT_RETURN_TYPE = YES_ERROR;
				GCC_WARN_UNDECLARED_SELECTOR = YES;
				GCC_WARN_UNINITIALIZED_AUTOS = YES_AGGRESSIVE;
				GCC_WARN_UNUSED_FUNCTION = YES;
				GCC_WARN_UNUSED_VARIABLE = YES;
				IPHONEOS_DEPLOYMENT_TARGET = 12.0;
				MTL_ENABLE_DEBUG_INFO = NO;
				MTL_FAST_MATH = YES;
				SDKROOT = iphoneos;
				SWIFT_COMPILATION_MODE = wholemodule;
				SWIFT_OPTIMIZATION_LEVEL = "-O";
				VALIDATE_PRODUCT = YES;
			};
			name = Release;
		};
		A6CC40BB213F01E4004357AC /* Debug */ = {
			isa = XCBuildConfiguration;
			baseConfigurationReference = 9CBF1AA9C4BB2FD957E9E997 /* Pods-Intive_Challenge.debug.xcconfig */;
			buildSettings = {
				ASSETCATALOG_COMPILER_APPICON_NAME = AppIcon;
				CODE_SIGN_STYLE = Automatic;
				DEVELOPMENT_TEAM = QE68JBKWWB;
				INFOPLIST_FILE = "$(SRCROOT)/Intive_Challenge/Resources/Info.plist";
				IPHONEOS_DEPLOYMENT_TARGET = 11.0;
				LD_RUNPATH_SEARCH_PATHS = (
					"$(inherited)",
					"@executable_path/Frameworks",
				);
				PRODUCT_BUNDLE_IDENTIFIER = "com.luko.Intive-Challenge";
				PRODUCT_NAME = "$(TARGET_NAME)";
				SWIFT_VERSION = 4.2;
				TARGETED_DEVICE_FAMILY = "1,2";
			};
			name = Debug;
		};
		A6CC40BC213F01E4004357AC /* Release */ = {
			isa = XCBuildConfiguration;
			baseConfigurationReference = 4D60760F1A6E12F947B5CAE1 /* Pods-Intive_Challenge.release.xcconfig */;
			buildSettings = {
				ASSETCATALOG_COMPILER_APPICON_NAME = AppIcon;
				CODE_SIGN_STYLE = Automatic;
				DEVELOPMENT_TEAM = QE68JBKWWB;
				INFOPLIST_FILE = "$(SRCROOT)/Intive_Challenge/Resources/Info.plist";
				IPHONEOS_DEPLOYMENT_TARGET = 11.0;
				LD_RUNPATH_SEARCH_PATHS = (
					"$(inherited)",
					"@executable_path/Frameworks",
				);
				PRODUCT_BUNDLE_IDENTIFIER = "com.luko.Intive-Challenge";
				PRODUCT_NAME = "$(TARGET_NAME)";
				SWIFT_VERSION = 4.2;
				TARGETED_DEVICE_FAMILY = "1,2";
			};
			name = Release;
		};
/* End XCBuildConfiguration section */

/* Begin XCConfigurationList section */
		A6CC40A3213F01E1004357AC /* Build configuration list for PBXProject "Intive_Challenge" */ = {
			isa = XCConfigurationList;
			buildConfigurations = (
				A6CC40B8213F01E4004357AC /* Debug */,
				A6CC40B9213F01E4004357AC /* Release */,
			);
			defaultConfigurationIsVisible = 0;
			defaultConfigurationName = Release;
		};
		A6CC40BA213F01E4004357AC /* Build configuration list for PBXNativeTarget "Intive_Challenge" */ = {
			isa = XCConfigurationList;
			buildConfigurations = (
				A6CC40BB213F01E4004357AC /* Debug */,
				A6CC40BC213F01E4004357AC /* Release */,
			);
			defaultConfigurationIsVisible = 0;
			defaultConfigurationName = Release;
		};
/* End XCConfigurationList section */
	};
	rootObject = A6CC40A0213F01E1004357AC /* Project object */;
}
